
Microsoft Visual Studio Solution File, Format Version 12.00
# Visual Studio Version 16
VisualStudioVersion = 16.0.29215.179
MinimumVisualStudioVersion = 10.0.40219.1
Project("{9A19103F-16F7-4668-BE54-9A1E7A4F7556}") = "NGA.Core", "NGA.Core\NGA.Core.csproj", "{B4E93A26-BB21-4617-A2AA-A01A5FD7E5C8}"
EndProject
Project("{9A19103F-16F7-4668-BE54-9A1E7A4F7556}") = "NGA.Data", "NGA.Data\NGA.Data.csproj", "{0F9F610B-0724-4F52-B893-074C8C72ABEE}"
EndProject
Project("{9A19103F-16F7-4668-BE54-9A1E7A4F7556}") = "_NGA.MonolithAPI", "NGA.MonolithAPI\_NGA.MonolithAPI.csproj", "{E5D341C7-7B3F-4980-9228-FB94CD56B841}"
EndProject
Project("{2150E333-8FDC-42A3-9474-1A3956D46DE8}") = "Solution Items", "Solution Items", "{E41E3DBE-6036-4338-A5D8-177A5F1E762A}"
	ProjectSection(SolutionItems) = preProject
		.editorconfig = .editorconfig
	EndProjectSection
EndProject
Project("{9A19103F-16F7-4668-BE54-9A1E7A4F7556}") = "NGA.EventBus", "NGA.EventBus\NGA.EventBus.csproj", "{D6FAFC7A-BF92-4576-8665-B99613923DF5}"
EndProject
Project("{9A19103F-16F7-4668-BE54-9A1E7A4F7556}") = "NGA.AuthenticationAPI", "NGA.AuthenticationAPI\NGA.AuthenticationAPI.csproj", "{1817960D-03E2-4412-84BD-6FBBFCD0F521}"
EndProject
Project("{9A19103F-16F7-4668-BE54-9A1E7A4F7556}") = "NGA.CommunicationAPI", "NGA.CommunicationAPI\NGA.CommunicationAPI.csproj", "{DBA1405D-931B-49D0-9904-031FEC2FF3D8}"
EndProject
Project("{9A19103F-16F7-4668-BE54-9A1E7A4F7556}") = "NGA.StockAPI", "NGA.StockAPI\NGA.StockAPI.csproj", "{C9602ED8-693D-4625-AD5B-BF44A50ED0F0}"
EndProject
Project("{9A19103F-16F7-4668-BE54-9A1E7A4F7556}") = "NGA.UserAPI", "NGA.UserAPI\NGA.UserAPI.csproj", "{91F788A1-3CA4-4513-AFBD-5DFCE070363A}"
EndProject
Project("{2150E333-8FDC-42A3-9474-1A3956D46DE8}") = "Common", "Common", "{96DC9978-01F7-4810-BB29-50801C840D30}"
EndProject
Project("{2150E333-8FDC-42A3-9474-1A3956D46DE8}") = "Data", "Data", "{4337E42F-95F1-4FE9-A3D1-955CB630920F}"
EndProject
Project("{2150E333-8FDC-42A3-9474-1A3956D46DE8}") = "Model", "Model", "{6797785C-5DB8-4AB3-B7FC-895FA8459C47}"
EndProject
Project("{FAE04EC0-301F-11D3-BF4B-00C04F79EFBC}") = "NGA.User.Model", "NGA.User.Model\NGA.User.Model.csproj", "{74925D6C-AE98-4E16-939D-16D36690F30A}"
EndProject
Project("{FAE04EC0-301F-11D3-BF4B-00C04F79EFBC}") = "NGA.Communication.Model", "NGA.Communication.Model\NGA.Communication.Model.csproj", "{A41C3C59-83D6-40CD-9E01-544016C5D8B9}"
EndProject
Project("{FAE04EC0-301F-11D3-BF4B-00C04F79EFBC}") = "NGA.Stock.Model", "NGA.Stock.Model\NGA.Stock.Model.csproj", "{27A807EA-A569-4DFB-BC1F-8FEF48D2B848}"
EndProject
Project("{FAE04EC0-301F-11D3-BF4B-00C04F79EFBC}") = "NGA.Stock.Data", "NGA.Stock.Data\NGA.Stock.Data.csproj", "{7833438B-6E1F-48BB-AE13-91EC854C76AE}"
EndProject
Project("{FAE04EC0-301F-11D3-BF4B-00C04F79EFBC}") = "NGA.Communication.Data", "NGA.Communication.Data\NGA.Communication.Data.csproj", "{04EC5AD2-B72B-4F4F-9CCA-0C8850B957E5}"
EndProject
Project("{FAE04EC0-301F-11D3-BF4B-00C04F79EFBC}") = "NGA.User.Data", "NGA.User.Data\NGA.User.Data.csproj", "{CED1022C-701C-4AA3-88AA-8B7856A48E7D}"
EndProject
Global
	GlobalSection(SolutionConfigurationPlatforms) = preSolution
		Debug|Any CPU = Debug|Any CPU
		Release|Any CPU = Release|Any CPU
	EndGlobalSection
	GlobalSection(ProjectConfigurationPlatforms) = postSolution
		{B4E93A26-BB21-4617-A2AA-A01A5FD7E5C8}.Debug|Any CPU.ActiveCfg = Debug|Any CPU
		{B4E93A26-BB21-4617-A2AA-A01A5FD7E5C8}.Debug|Any CPU.Build.0 = Debug|Any CPU
		{B4E93A26-BB21-4617-A2AA-A01A5FD7E5C8}.Release|Any CPU.ActiveCfg = Release|Any CPU
		{B4E93A26-BB21-4617-A2AA-A01A5FD7E5C8}.Release|Any CPU.Build.0 = Release|Any CPU
		{0F9F610B-0724-4F52-B893-074C8C72ABEE}.Debug|Any CPU.ActiveCfg = Debug|Any CPU
		{0F9F610B-0724-4F52-B893-074C8C72ABEE}.Debug|Any CPU.Build.0 = Debug|Any CPU
		{0F9F610B-0724-4F52-B893-074C8C72ABEE}.Release|Any CPU.ActiveCfg = Release|Any CPU
		{0F9F610B-0724-4F52-B893-074C8C72ABEE}.Release|Any CPU.Build.0 = Release|Any CPU
		{E5D341C7-7B3F-4980-9228-FB94CD56B841}.Debug|Any CPU.ActiveCfg = Debug|Any CPU
		{E5D341C7-7B3F-4980-9228-FB94CD56B841}.Debug|Any CPU.Build.0 = Debug|Any CPU
		{E5D341C7-7B3F-4980-9228-FB94CD56B841}.Release|Any CPU.ActiveCfg = Release|Any CPU
		{E5D341C7-7B3F-4980-9228-FB94CD56B841}.Release|Any CPU.Build.0 = Release|Any CPU
		{D6FAFC7A-BF92-4576-8665-B99613923DF5}.Debug|Any CPU.ActiveCfg = Debug|Any CPU
		{D6FAFC7A-BF92-4576-8665-B99613923DF5}.Debug|Any CPU.Build.0 = Debug|Any CPU
		{D6FAFC7A-BF92-4576-8665-B99613923DF5}.Release|Any CPU.ActiveCfg = Release|Any CPU
		{D6FAFC7A-BF92-4576-8665-B99613923DF5}.Release|Any CPU.Build.0 = Release|Any CPU
		{1817960D-03E2-4412-84BD-6FBBFCD0F521}.Debug|Any CPU.ActiveCfg = Debug|Any CPU
		{1817960D-03E2-4412-84BD-6FBBFCD0F521}.Debug|Any CPU.Build.0 = Debug|Any CPU
		{1817960D-03E2-4412-84BD-6FBBFCD0F521}.Release|Any CPU.ActiveCfg = Release|Any CPU
		{1817960D-03E2-4412-84BD-6FBBFCD0F521}.Release|Any CPU.Build.0 = Release|Any CPU
		{DBA1405D-931B-49D0-9904-031FEC2FF3D8}.Debug|Any CPU.ActiveCfg = Debug|Any CPU
		{DBA1405D-931B-49D0-9904-031FEC2FF3D8}.Debug|Any CPU.Build.0 = Debug|Any CPU
		{DBA1405D-931B-49D0-9904-031FEC2FF3D8}.Release|Any CPU.ActiveCfg = Release|Any CPU
		{DBA1405D-931B-49D0-9904-031FEC2FF3D8}.Release|Any CPU.Build.0 = Release|Any CPU
		{C9602ED8-693D-4625-AD5B-BF44A50ED0F0}.Debug|Any CPU.ActiveCfg = Debug|Any CPU
		{C9602ED8-693D-4625-AD5B-BF44A50ED0F0}.Debug|Any CPU.Build.0 = Debug|Any CPU
		{C9602ED8-693D-4625-AD5B-BF44A50ED0F0}.Release|Any CPU.ActiveCfg = Release|Any CPU
		{C9602ED8-693D-4625-AD5B-BF44A50ED0F0}.Release|Any CPU.Build.0 = Release|Any CPU
		{91F788A1-3CA4-4513-AFBD-5DFCE070363A}.Debug|Any CPU.ActiveCfg = Debug|Any CPU
		{91F788A1-3CA4-4513-AFBD-5DFCE070363A}.Debug|Any CPU.Build.0 = Debug|Any CPU
		{91F788A1-3CA4-4513-AFBD-5DFCE070363A}.Release|Any CPU.ActiveCfg = Release|Any CPU
		{91F788A1-3CA4-4513-AFBD-5DFCE070363A}.Release|Any CPU.Build.0 = Release|Any CPU
		{74925D6C-AE98-4E16-939D-16D36690F30A}.Debug|Any CPU.ActiveCfg = Debug|Any CPU
		{74925D6C-AE98-4E16-939D-16D36690F30A}.Debug|Any CPU.Build.0 = Debug|Any CPU
		{74925D6C-AE98-4E16-939D-16D36690F30A}.Release|Any CPU.ActiveCfg = Release|Any CPU
		{74925D6C-AE98-4E16-939D-16D36690F30A}.Release|Any CPU.Build.0 = Release|Any CPU
		{A41C3C59-83D6-40CD-9E01-544016C5D8B9}.Debug|Any CPU.ActiveCfg = Debug|Any CPU
		{A41C3C59-83D6-40CD-9E01-544016C5D8B9}.Debug|Any CPU.Build.0 = Debug|Any CPU
		{A41C3C59-83D6-40CD-9E01-544016C5D8B9}.Release|Any CPU.ActiveCfg = Release|Any CPU
		{A41C3C59-83D6-40CD-9E01-544016C5D8B9}.Release|Any CPU.Build.0 = Release|Any CPU
		{27A807EA-A569-4DFB-BC1F-8FEF48D2B848}.Debug|Any CPU.ActiveCfg = Debug|Any CPU
		{27A807EA-A569-4DFB-BC1F-8FEF48D2B848}.Debug|Any CPU.Build.0 = Debug|Any CPU
		{27A807EA-A569-4DFB-BC1F-8FEF48D2B848}.Release|Any CPU.ActiveCfg = Release|Any CPU
		{27A807EA-A569-4DFB-BC1F-8FEF48D2B848}.Release|Any CPU.Build.0 = Release|Any CPU
		{7833438B-6E1F-48BB-AE13-91EC854C76AE}.Debug|Any CPU.ActiveCfg = Debug|Any CPU
		{7833438B-6E1F-48BB-AE13-91EC854C76AE}.Debug|Any CPU.Build.0 = Debug|Any CPU
		{7833438B-6E1F-48BB-AE13-91EC854C76AE}.Release|Any CPU.ActiveCfg = Release|Any CPU
		{7833438B-6E1F-48BB-AE13-91EC854C76AE}.Release|Any CPU.Build.0 = Release|Any CPU
		{04EC5AD2-B72B-4F4F-9CCA-0C8850B957E5}.Debug|Any CPU.ActiveCfg = Debug|Any CPU
		{04EC5AD2-B72B-4F4F-9CCA-0C8850B957E5}.Debug|Any CPU.Build.0 = Debug|Any CPU
		{04EC5AD2-B72B-4F4F-9CCA-0C8850B957E5}.Release|Any CPU.ActiveCfg = Release|Any CPU
		{04EC5AD2-B72B-4F4F-9CCA-0C8850B957E5}.Release|Any CPU.Build.0 = Release|Any CPU
		{CED1022C-701C-4AA3-88AA-8B7856A48E7D}.Debug|Any CPU.ActiveCfg = Debug|Any CPU
		{CED1022C-701C-4AA3-88AA-8B7856A48E7D}.Debug|Any CPU.Build.0 = Debug|Any CPU
		{CED1022C-701C-4AA3-88AA-8B7856A48E7D}.Release|Any CPU.ActiveCfg = Release|Any CPU
		{CED1022C-701C-4AA3-88AA-8B7856A48E7D}.Release|Any CPU.Build.0 = Release|Any CPU
	EndGlobalSection
	GlobalSection(SolutionProperties) = preSolution
		HideSolutionNode = FALSE
	EndGlobalSection
	GlobalSection(NestedProjects) = preSolution
		{B4E93A26-BB21-4617-A2AA-A01A5FD7E5C8} = {96DC9978-01F7-4810-BB29-50801C840D30}
		{0F9F610B-0724-4F52-B893-074C8C72ABEE} = {4337E42F-95F1-4FE9-A3D1-955CB630920F}
		{D6FAFC7A-BF92-4576-8665-B99613923DF5} = {96DC9978-01F7-4810-BB29-50801C840D30}
		{74925D6C-AE98-4E16-939D-16D36690F30A} = {6797785C-5DB8-4AB3-B7FC-895FA8459C47}
		{A41C3C59-83D6-40CD-9E01-544016C5D8B9} = {6797785C-5DB8-4AB3-B7FC-895FA8459C47}
		{27A807EA-A569-4DFB-BC1F-8FEF48D2B848} = {6797785C-5DB8-4AB3-B7FC-895FA8459C47}
		{7833438B-6E1F-48BB-AE13-91EC854C76AE} = {4337E42F-95F1-4FE9-A3D1-955CB630920F}
		{04EC5AD2-B72B-4F4F-9CCA-0C8850B957E5} = {4337E42F-95F1-4FE9-A3D1-955CB630920F}
		{CED1022C-701C-4AA3-88AA-8B7856A48E7D} = {4337E42F-95F1-4FE9-A3D1-955CB630920F}
	EndGlobalSection
	GlobalSection(ExtensibilityGlobals) = postSolution
		SolutionGuid = {95D89EDE-1B97-4182-8F32-D65CE25E3102}
	EndGlobalSection
EndGlobal
