
Microsoft Visual Studio Solution File, Format Version 12.00
# Visual Studio 15
VisualStudioVersion = 15.0.26124.0
MinimumVisualStudioVersion = 15.0.26124.0
Project("{FAE04EC0-301F-11D3-BF4B-00C04F79EFBC}") = "STA.API", "WebAPI\STA.API.csproj", "{F35939C7-FA89-4B3F-A332-AA306EEEE959}"
EndProject
Project("{FAE04EC0-301F-11D3-BF4B-00C04F79EFBC}") = "STA.Data", "Data\STA.Data.csproj", "{915F8BA9-A2D9-4F4D-87CE-11C8C87847CC}"
EndProject
Project("{FAE04EC0-301F-11D3-BF4B-00C04F79EFBC}") = "STA.Core", "Core\STA.Core.csproj", "{17B83255-6961-40BA-B167-3F6BAEC315FE}"
EndProject
Project("{FAE04EC0-301F-11D3-BF4B-00C04F79EFBC}") = "STA.Domain", "Domain\STA.Domain.csproj", "{5874F47E-208D-418E-BC2C-80578BEA23FD}"
EndProject
Global
	GlobalSection(SolutionConfigurationPlatforms) = preSolution
		Debug|Any CPU = Debug|Any CPU
		Debug|x64 = Debug|x64
		Debug|x86 = Debug|x86
		Release|Any CPU = Release|Any CPU
		Release|x64 = Release|x64
		Release|x86 = Release|x86
	EndGlobalSection
	GlobalSection(SolutionProperties) = preSolution
		HideSolutionNode = FALSE
	EndGlobalSection
	GlobalSection(ProjectConfigurationPlatforms) = postSolution
		{F35939C7-FA89-4B3F-A332-AA306EEEE959}.Debug|Any CPU.ActiveCfg = Debug|Any CPU
		{F35939C7-FA89-4B3F-A332-AA306EEEE959}.Debug|Any CPU.Build.0 = Debug|Any CPU
		{F35939C7-FA89-4B3F-A332-AA306EEEE959}.Debug|x64.ActiveCfg = Debug|Any CPU
		{F35939C7-FA89-4B3F-A332-AA306EEEE959}.Debug|x64.Build.0 = Debug|Any CPU
		{F35939C7-FA89-4B3F-A332-AA306EEEE959}.Debug|x86.ActiveCfg = Debug|Any CPU
		{F35939C7-FA89-4B3F-A332-AA306EEEE959}.Debug|x86.Build.0 = Debug|Any CPU
		{F35939C7-FA89-4B3F-A332-AA306EEEE959}.Release|Any CPU.ActiveCfg = Release|Any CPU
		{F35939C7-FA89-4B3F-A332-AA306EEEE959}.Release|Any CPU.Build.0 = Release|Any CPU
		{F35939C7-FA89-4B3F-A332-AA306EEEE959}.Release|x64.ActiveCfg = Release|Any CPU
		{F35939C7-FA89-4B3F-A332-AA306EEEE959}.Release|x64.Build.0 = Release|Any CPU
		{F35939C7-FA89-4B3F-A332-AA306EEEE959}.Release|x86.ActiveCfg = Release|Any CPU
		{F35939C7-FA89-4B3F-A332-AA306EEEE959}.Release|x86.Build.0 = Release|Any CPU
		{915F8BA9-A2D9-4F4D-87CE-11C8C87847CC}.Debug|Any CPU.ActiveCfg = Debug|Any CPU
		{915F8BA9-A2D9-4F4D-87CE-11C8C87847CC}.Debug|Any CPU.Build.0 = Debug|Any CPU
		{915F8BA9-A2D9-4F4D-87CE-11C8C87847CC}.Debug|x64.ActiveCfg = Debug|Any CPU
		{915F8BA9-A2D9-4F4D-87CE-11C8C87847CC}.Debug|x64.Build.0 = Debug|Any CPU
		{915F8BA9-A2D9-4F4D-87CE-11C8C87847CC}.Debug|x86.ActiveCfg = Debug|Any CPU
		{915F8BA9-A2D9-4F4D-87CE-11C8C87847CC}.Debug|x86.Build.0 = Debug|Any CPU
		{915F8BA9-A2D9-4F4D-87CE-11C8C87847CC}.Release|Any CPU.ActiveCfg = Release|Any CPU
		{915F8BA9-A2D9-4F4D-87CE-11C8C87847CC}.Release|Any CPU.Build.0 = Release|Any CPU
		{915F8BA9-A2D9-4F4D-87CE-11C8C87847CC}.Release|x64.ActiveCfg = Release|Any CPU
		{915F8BA9-A2D9-4F4D-87CE-11C8C87847CC}.Release|x64.Build.0 = Release|Any CPU
		{915F8BA9-A2D9-4F4D-87CE-11C8C87847CC}.Release|x86.ActiveCfg = Release|Any CPU
		{915F8BA9-A2D9-4F4D-87CE-11C8C87847CC}.Release|x86.Build.0 = Release|Any CPU
		{17B83255-6961-40BA-B167-3F6BAEC315FE}.Debug|Any CPU.ActiveCfg = Debug|Any CPU
		{17B83255-6961-40BA-B167-3F6BAEC315FE}.Debug|Any CPU.Build.0 = Debug|Any CPU
		{17B83255-6961-40BA-B167-3F6BAEC315FE}.Debug|x64.ActiveCfg = Debug|Any CPU
		{17B83255-6961-40BA-B167-3F6BAEC315FE}.Debug|x64.Build.0 = Debug|Any CPU
		{17B83255-6961-40BA-B167-3F6BAEC315FE}.Debug|x86.ActiveCfg = Debug|Any CPU
		{17B83255-6961-40BA-B167-3F6BAEC315FE}.Debug|x86.Build.0 = Debug|Any CPU
		{17B83255-6961-40BA-B167-3F6BAEC315FE}.Release|Any CPU.ActiveCfg = Release|Any CPU
		{17B83255-6961-40BA-B167-3F6BAEC315FE}.Release|Any CPU.Build.0 = Release|Any CPU
		{17B83255-6961-40BA-B167-3F6BAEC315FE}.Release|x64.ActiveCfg = Release|Any CPU
		{17B83255-6961-40BA-B167-3F6BAEC315FE}.Release|x64.Build.0 = Release|Any CPU
		{17B83255-6961-40BA-B167-3F6BAEC315FE}.Release|x86.ActiveCfg = Release|Any CPU
		{17B83255-6961-40BA-B167-3F6BAEC315FE}.Release|x86.Build.0 = Release|Any CPU
		{5874F47E-208D-418E-BC2C-80578BEA23FD}.Debug|Any CPU.ActiveCfg = Debug|Any CPU
		{5874F47E-208D-418E-BC2C-80578BEA23FD}.Debug|Any CPU.Build.0 = Debug|Any CPU
		{5874F47E-208D-418E-BC2C-80578BEA23FD}.Debug|x64.ActiveCfg = Debug|Any CPU
		{5874F47E-208D-418E-BC2C-80578BEA23FD}.Debug|x64.Build.0 = Debug|Any CPU
		{5874F47E-208D-418E-BC2C-80578BEA23FD}.Debug|x86.ActiveCfg = Debug|Any CPU
		{5874F47E-208D-418E-BC2C-80578BEA23FD}.Debug|x86.Build.0 = Debug|Any CPU
		{5874F47E-208D-418E-BC2C-80578BEA23FD}.Release|Any CPU.ActiveCfg = Release|Any CPU
		{5874F47E-208D-418E-BC2C-80578BEA23FD}.Release|Any CPU.Build.0 = Release|Any CPU
		{5874F47E-208D-418E-BC2C-80578BEA23FD}.Release|x64.ActiveCfg = Release|Any CPU
		{5874F47E-208D-418E-BC2C-80578BEA23FD}.Release|x64.Build.0 = Release|Any CPU
		{5874F47E-208D-418E-BC2C-80578BEA23FD}.Release|x86.ActiveCfg = Release|Any CPU
		{5874F47E-208D-418E-BC2C-80578BEA23FD}.Release|x86.Build.0 = Release|Any CPU
	EndGlobalSection
EndGlobal
