
Microsoft Visual Studio Solution File, Format Version 12.00
# Visual Studio Version 16
VisualStudioVersion = 16.0.29215.179
MinimumVisualStudioVersion = 10.0.40219.1
Project("{2150E333-8FDC-42A3-9474-1A3956D46DE8}") = "Solution Items", "Solution Items", "{E41E3DBE-6036-4338-A5D8-177A5F1E762A}"
	ProjectSection(SolutionItems) = preProject
		.editorconfig = .editorconfig
	EndProjectSection
EndProject
Project("{2150E333-8FDC-42A3-9474-1A3956D46DE8}") = "Common", "Common", "{96DC9978-01F7-4810-BB29-50801C840D30}"
EndProject
Project("{2150E333-8FDC-42A3-9474-1A3956D46DE8}") = "Data", "Data", "{4337E42F-95F1-4FE9-A3D1-955CB630920F}"
EndProject
Project("{2150E333-8FDC-42A3-9474-1A3956D46DE8}") = "Model", "Model", "{6797785C-5DB8-4AB3-B7FC-895FA8459C47}"
EndProject
Project("{9A19103F-16F7-4668-BE54-9A1E7A4F7556}") = "STA.Core", "Common\STA.Core\STA.Core.csproj", "{8C30E33B-D7D3-4D86-B297-C352EB153965}"
EndProject
Project("{9A19103F-16F7-4668-BE54-9A1E7A4F7556}") = "STA.EventBus", "Common\STA.EventBus\STA.EventBus.csproj", "{5370AD4A-5C65-4E96-B673-C1B64F58D596}"
EndProject
Project("{9A19103F-16F7-4668-BE54-9A1E7A4F7556}") = "STA.Communication.Data", "Data\STA.Communication.Data\STA.Communication.Data.csproj", "{C98617B0-CD0A-4907-9631-C5FB810F2410}"
EndProject
Project("{9A19103F-16F7-4668-BE54-9A1E7A4F7556}") = "STA.Stock.Data", "Data\STA.Stock.Data\STA.Stock.Data.csproj", "{906FF43A-8C0E-43F8-9368-E0E5BA5A7CE1}"
EndProject
Project("{9A19103F-16F7-4668-BE54-9A1E7A4F7556}") = "STA.User.Data", "Data\STA.User.Data\STA.User.Data.csproj", "{BBB0C762-047C-41E7-8204-8FC543FA22CC}"
EndProject
Project("{9A19103F-16F7-4668-BE54-9A1E7A4F7556}") = "STA.Communication.Model", "Model\STA.Communication.Model\STA.Communication.Model.csproj", "{CDE2BD35-CFC3-4FA5-B182-59925F55FE88}"
EndProject
Project("{9A19103F-16F7-4668-BE54-9A1E7A4F7556}") = "STA.Stock.Model", "Model\STA.Stock.Model\STA.Stock.Model.csproj", "{721A8F5A-98D1-4416-A81E-4B6FF410AD50}"
EndProject
Project("{9A19103F-16F7-4668-BE54-9A1E7A4F7556}") = "STA.User.Model", "Model\STA.User.Model\STA.User.Model.csproj", "{64581B30-3B5E-4B93-83AF-E3D4A20106FA}"
EndProject
Project("{2150E333-8FDC-42A3-9474-1A3956D46DE8}") = "Service", "Service", "{0F13839F-1D1F-4217-859E-CADBE3BCA7E4}"
EndProject
Project("{9A19103F-16F7-4668-BE54-9A1E7A4F7556}") = "STA.AuthenticationAPI", "Service\STA.AuthenticationAPI\STA.AuthenticationAPI.csproj", "{0C1C6062-326D-4126-9245-269EEE80CD72}"
EndProject
Project("{9A19103F-16F7-4668-BE54-9A1E7A4F7556}") = "STA.CommunicationAPI", "Service\STA.CommunicationAPI\STA.CommunicationAPI.csproj", "{E9E8B5EB-B23C-47A0-9E24-534BCAD8B568}"
EndProject
Project("{9A19103F-16F7-4668-BE54-9A1E7A4F7556}") = "STA.StockAPI", "Service\STA.StockAPI\STA.StockAPI.csproj", "{8B74AFC1-7974-46C7-AB36-3DEEA46EC467}"
EndProject
Project("{9A19103F-16F7-4668-BE54-9A1E7A4F7556}") = "STA.UserAPI", "Service\STA.UserAPI\STA.UserAPI.csproj", "{45A62212-E53D-4E2D-805F-7236FAC9A36B}"
EndProject
Project("{9A19103F-16F7-4668-BE54-9A1E7A4F7556}") = "STA.EventBus.Model", "Model\STA.EventBus.Model\STA.EventBus.Model.csproj", "{9BD8F6A9-383F-4193-AC29-9826EC25919B}"
EndProject
Project("{9A19103F-16F7-4668-BE54-9A1E7A4F7556}") = "STA.Report.Model", "Model\STA.Report.Model\STA.Report.Model.csproj", "{CEFA66B6-9E8C-4118-AE2E-3ED204A00CFE}"
EndProject
Project("{9A19103F-16F7-4668-BE54-9A1E7A4F7556}") = "STA.Data", "Data\STA.Data\STA.Data.csproj", "{C33A4CBB-A4FE-4A85-B01F-84C64042C5FA}"
EndProject
Project("{9A19103F-16F7-4668-BE54-9A1E7A4F7556}") = "STA.ReportAPI", "Service\STA.ReportAPI\STA.ReportAPI.csproj", "{99C0BBC1-43B7-48DC-A132-910D1C1C51A3}"
EndProject
Project("{9A19103F-16F7-4668-BE54-9A1E7A4F7556}") = "STA.Authentication.Data", "Data\STA.Authentication.Data\STA.Authentication.Data.csproj", "{737B3451-A516-42FE-AF40-F5FC5B08DE57}"
EndProject
Global
	GlobalSection(SolutionConfigurationPlatforms) = preSolution
		Debug|Any CPU = Debug|Any CPU
		Release|Any CPU = Release|Any CPU
	EndGlobalSection
	GlobalSection(ProjectConfigurationPlatforms) = postSolution
		{8C30E33B-D7D3-4D86-B297-C352EB153965}.Debug|Any CPU.ActiveCfg = Debug|Any CPU
		{8C30E33B-D7D3-4D86-B297-C352EB153965}.Debug|Any CPU.Build.0 = Debug|Any CPU
		{8C30E33B-D7D3-4D86-B297-C352EB153965}.Release|Any CPU.ActiveCfg = Release|Any CPU
		{8C30E33B-D7D3-4D86-B297-C352EB153965}.Release|Any CPU.Build.0 = Release|Any CPU
		{5370AD4A-5C65-4E96-B673-C1B64F58D596}.Debug|Any CPU.ActiveCfg = Debug|Any CPU
		{5370AD4A-5C65-4E96-B673-C1B64F58D596}.Debug|Any CPU.Build.0 = Debug|Any CPU
		{5370AD4A-5C65-4E96-B673-C1B64F58D596}.Release|Any CPU.ActiveCfg = Release|Any CPU
		{5370AD4A-5C65-4E96-B673-C1B64F58D596}.Release|Any CPU.Build.0 = Release|Any CPU
		{C98617B0-CD0A-4907-9631-C5FB810F2410}.Debug|Any CPU.ActiveCfg = Debug|Any CPU
		{C98617B0-CD0A-4907-9631-C5FB810F2410}.Debug|Any CPU.Build.0 = Debug|Any CPU
		{C98617B0-CD0A-4907-9631-C5FB810F2410}.Release|Any CPU.ActiveCfg = Release|Any CPU
		{C98617B0-CD0A-4907-9631-C5FB810F2410}.Release|Any CPU.Build.0 = Release|Any CPU
		{906FF43A-8C0E-43F8-9368-E0E5BA5A7CE1}.Debug|Any CPU.ActiveCfg = Debug|Any CPU
		{906FF43A-8C0E-43F8-9368-E0E5BA5A7CE1}.Debug|Any CPU.Build.0 = Debug|Any CPU
		{906FF43A-8C0E-43F8-9368-E0E5BA5A7CE1}.Release|Any CPU.ActiveCfg = Release|Any CPU
		{906FF43A-8C0E-43F8-9368-E0E5BA5A7CE1}.Release|Any CPU.Build.0 = Release|Any CPU
		{BBB0C762-047C-41E7-8204-8FC543FA22CC}.Debug|Any CPU.ActiveCfg = Debug|Any CPU
		{BBB0C762-047C-41E7-8204-8FC543FA22CC}.Debug|Any CPU.Build.0 = Debug|Any CPU
		{BBB0C762-047C-41E7-8204-8FC543FA22CC}.Release|Any CPU.ActiveCfg = Release|Any CPU
		{BBB0C762-047C-41E7-8204-8FC543FA22CC}.Release|Any CPU.Build.0 = Release|Any CPU
		{CDE2BD35-CFC3-4FA5-B182-59925F55FE88}.Debug|Any CPU.ActiveCfg = Debug|Any CPU
		{CDE2BD35-CFC3-4FA5-B182-59925F55FE88}.Debug|Any CPU.Build.0 = Debug|Any CPU
		{CDE2BD35-CFC3-4FA5-B182-59925F55FE88}.Release|Any CPU.ActiveCfg = Release|Any CPU
		{CDE2BD35-CFC3-4FA5-B182-59925F55FE88}.Release|Any CPU.Build.0 = Release|Any CPU
		{721A8F5A-98D1-4416-A81E-4B6FF410AD50}.Debug|Any CPU.ActiveCfg = Debug|Any CPU
		{721A8F5A-98D1-4416-A81E-4B6FF410AD50}.Debug|Any CPU.Build.0 = Debug|Any CPU
		{721A8F5A-98D1-4416-A81E-4B6FF410AD50}.Release|Any CPU.ActiveCfg = Release|Any CPU
		{721A8F5A-98D1-4416-A81E-4B6FF410AD50}.Release|Any CPU.Build.0 = Release|Any CPU
		{64581B30-3B5E-4B93-83AF-E3D4A20106FA}.Debug|Any CPU.ActiveCfg = Debug|Any CPU
		{64581B30-3B5E-4B93-83AF-E3D4A20106FA}.Debug|Any CPU.Build.0 = Debug|Any CPU
		{64581B30-3B5E-4B93-83AF-E3D4A20106FA}.Release|Any CPU.ActiveCfg = Release|Any CPU
		{64581B30-3B5E-4B93-83AF-E3D4A20106FA}.Release|Any CPU.Build.0 = Release|Any CPU
		{0C1C6062-326D-4126-9245-269EEE80CD72}.Debug|Any CPU.ActiveCfg = Debug|Any CPU
		{0C1C6062-326D-4126-9245-269EEE80CD72}.Debug|Any CPU.Build.0 = Debug|Any CPU
		{0C1C6062-326D-4126-9245-269EEE80CD72}.Release|Any CPU.ActiveCfg = Release|Any CPU
		{0C1C6062-326D-4126-9245-269EEE80CD72}.Release|Any CPU.Build.0 = Release|Any CPU
		{E9E8B5EB-B23C-47A0-9E24-534BCAD8B568}.Debug|Any CPU.ActiveCfg = Debug|Any CPU
		{E9E8B5EB-B23C-47A0-9E24-534BCAD8B568}.Debug|Any CPU.Build.0 = Debug|Any CPU
		{E9E8B5EB-B23C-47A0-9E24-534BCAD8B568}.Release|Any CPU.ActiveCfg = Release|Any CPU
		{E9E8B5EB-B23C-47A0-9E24-534BCAD8B568}.Release|Any CPU.Build.0 = Release|Any CPU
		{8B74AFC1-7974-46C7-AB36-3DEEA46EC467}.Debug|Any CPU.ActiveCfg = Debug|Any CPU
		{8B74AFC1-7974-46C7-AB36-3DEEA46EC467}.Debug|Any CPU.Build.0 = Debug|Any CPU
		{8B74AFC1-7974-46C7-AB36-3DEEA46EC467}.Release|Any CPU.ActiveCfg = Release|Any CPU
		{8B74AFC1-7974-46C7-AB36-3DEEA46EC467}.Release|Any CPU.Build.0 = Release|Any CPU
		{45A62212-E53D-4E2D-805F-7236FAC9A36B}.Debug|Any CPU.ActiveCfg = Debug|Any CPU
		{45A62212-E53D-4E2D-805F-7236FAC9A36B}.Debug|Any CPU.Build.0 = Debug|Any CPU
		{45A62212-E53D-4E2D-805F-7236FAC9A36B}.Release|Any CPU.ActiveCfg = Release|Any CPU
		{45A62212-E53D-4E2D-805F-7236FAC9A36B}.Release|Any CPU.Build.0 = Release|Any CPU
		{9BD8F6A9-383F-4193-AC29-9826EC25919B}.Debug|Any CPU.ActiveCfg = Debug|Any CPU
		{9BD8F6A9-383F-4193-AC29-9826EC25919B}.Debug|Any CPU.Build.0 = Debug|Any CPU
		{9BD8F6A9-383F-4193-AC29-9826EC25919B}.Release|Any CPU.ActiveCfg = Release|Any CPU
		{9BD8F6A9-383F-4193-AC29-9826EC25919B}.Release|Any CPU.Build.0 = Release|Any CPU
		{CEFA66B6-9E8C-4118-AE2E-3ED204A00CFE}.Debug|Any CPU.ActiveCfg = Debug|Any CPU
		{CEFA66B6-9E8C-4118-AE2E-3ED204A00CFE}.Debug|Any CPU.Build.0 = Debug|Any CPU
		{CEFA66B6-9E8C-4118-AE2E-3ED204A00CFE}.Release|Any CPU.ActiveCfg = Release|Any CPU
		{CEFA66B6-9E8C-4118-AE2E-3ED204A00CFE}.Release|Any CPU.Build.0 = Release|Any CPU
		{C33A4CBB-A4FE-4A85-B01F-84C64042C5FA}.Debug|Any CPU.ActiveCfg = Debug|Any CPU
		{C33A4CBB-A4FE-4A85-B01F-84C64042C5FA}.Debug|Any CPU.Build.0 = Debug|Any CPU
		{C33A4CBB-A4FE-4A85-B01F-84C64042C5FA}.Release|Any CPU.ActiveCfg = Release|Any CPU
		{C33A4CBB-A4FE-4A85-B01F-84C64042C5FA}.Release|Any CPU.Build.0 = Release|Any CPU
		{99C0BBC1-43B7-48DC-A132-910D1C1C51A3}.Debug|Any CPU.ActiveCfg = Debug|Any CPU
		{99C0BBC1-43B7-48DC-A132-910D1C1C51A3}.Debug|Any CPU.Build.0 = Debug|Any CPU
		{99C0BBC1-43B7-48DC-A132-910D1C1C51A3}.Release|Any CPU.ActiveCfg = Release|Any CPU
		{99C0BBC1-43B7-48DC-A132-910D1C1C51A3}.Release|Any CPU.Build.0 = Release|Any CPU
		{737B3451-A516-42FE-AF40-F5FC5B08DE57}.Debug|Any CPU.ActiveCfg = Debug|Any CPU
		{737B3451-A516-42FE-AF40-F5FC5B08DE57}.Debug|Any CPU.Build.0 = Debug|Any CPU
		{737B3451-A516-42FE-AF40-F5FC5B08DE57}.Release|Any CPU.ActiveCfg = Release|Any CPU
		{737B3451-A516-42FE-AF40-F5FC5B08DE57}.Release|Any CPU.Build.0 = Release|Any CPU
	EndGlobalSection
	GlobalSection(SolutionProperties) = preSolution
		HideSolutionNode = FALSE
	EndGlobalSection
	GlobalSection(NestedProjects) = preSolution
		{8C30E33B-D7D3-4D86-B297-C352EB153965} = {96DC9978-01F7-4810-BB29-50801C840D30}
		{5370AD4A-5C65-4E96-B673-C1B64F58D596} = {96DC9978-01F7-4810-BB29-50801C840D30}
		{C98617B0-CD0A-4907-9631-C5FB810F2410} = {4337E42F-95F1-4FE9-A3D1-955CB630920F}
		{906FF43A-8C0E-43F8-9368-E0E5BA5A7CE1} = {4337E42F-95F1-4FE9-A3D1-955CB630920F}
		{BBB0C762-047C-41E7-8204-8FC543FA22CC} = {4337E42F-95F1-4FE9-A3D1-955CB630920F}
		{CDE2BD35-CFC3-4FA5-B182-59925F55FE88} = {6797785C-5DB8-4AB3-B7FC-895FA8459C47}
		{721A8F5A-98D1-4416-A81E-4B6FF410AD50} = {6797785C-5DB8-4AB3-B7FC-895FA8459C47}
		{64581B30-3B5E-4B93-83AF-E3D4A20106FA} = {6797785C-5DB8-4AB3-B7FC-895FA8459C47}
		{0C1C6062-326D-4126-9245-269EEE80CD72} = {0F13839F-1D1F-4217-859E-CADBE3BCA7E4}
		{E9E8B5EB-B23C-47A0-9E24-534BCAD8B568} = {0F13839F-1D1F-4217-859E-CADBE3BCA7E4}
		{8B74AFC1-7974-46C7-AB36-3DEEA46EC467} = {0F13839F-1D1F-4217-859E-CADBE3BCA7E4}
		{45A62212-E53D-4E2D-805F-7236FAC9A36B} = {0F13839F-1D1F-4217-859E-CADBE3BCA7E4}
		{9BD8F6A9-383F-4193-AC29-9826EC25919B} = {6797785C-5DB8-4AB3-B7FC-895FA8459C47}
		{CEFA66B6-9E8C-4118-AE2E-3ED204A00CFE} = {6797785C-5DB8-4AB3-B7FC-895FA8459C47}
		{C33A4CBB-A4FE-4A85-B01F-84C64042C5FA} = {96DC9978-01F7-4810-BB29-50801C840D30}
		{99C0BBC1-43B7-48DC-A132-910D1C1C51A3} = {0F13839F-1D1F-4217-859E-CADBE3BCA7E4}
		{737B3451-A516-42FE-AF40-F5FC5B08DE57} = {4337E42F-95F1-4FE9-A3D1-955CB630920F}
	EndGlobalSection
	GlobalSection(ExtensibilityGlobals) = postSolution
		SolutionGuid = {95D89EDE-1B97-4182-8F32-D65CE25E3102}
	EndGlobalSection
EndGlobal
